// !$*UTF8*$!
{
	archiveVersion = 1;
	classes = {
	};
	objectVersion = 50;
	objects = {

/* Begin PBXBuildFile section */
		05B44D29C2479AA9120593C8 /* Pods_WaqayTests.framework in Frameworks */ = {isa = PBXBuildFile; fileRef = 3AD109D493D36E18EFF4E772 /* Pods_WaqayTests.framework */; };
		21855959226BD16D9C55371A /* Pods_Waqay.framework in Frameworks */ = {isa = PBXBuildFile; fileRef = 4F11F50010CEE26478213279 /* Pods_Waqay.framework */; };
		2734451625FDC50600FD86E5 /* UIViewController+Waqay_iOS.swift in Sources */ = {isa = PBXBuildFile; fileRef = 273444F325FDC50600FD86E5 /* UIViewController+Waqay_iOS.swift */; };
		2734451725FDC50600FD86E5 /* AddRadioStationsListViewModelFactory.swift in Sources */ = {isa = PBXBuildFile; fileRef = 273444F525FDC50600FD86E5 /* AddRadioStationsListViewModelFactory.swift */; };
		2734451825FDC50600FD86E5 /* PushPermissionViewModelFactory.swift in Sources */ = {isa = PBXBuildFile; fileRef = 273444F625FDC50600FD86E5 /* PushPermissionViewModelFactory.swift */; };
		2734451925FDC50600FD86E5 /* LaunchViewModelFactory.swift in Sources */ = {isa = PBXBuildFile; fileRef = 273444F725FDC50600FD86E5 /* LaunchViewModelFactory.swift */; };
		2734451A25FDC50600FD86E5 /* WelcomeViewModelFactory.swift in Sources */ = {isa = PBXBuildFile; fileRef = 273444F825FDC50600FD86E5 /* WelcomeViewModelFactory.swift */; };
		2734451B25FDC50600FD86E5 /* LaunchRootView.swift in Sources */ = {isa = PBXBuildFile; fileRef = 273444FB25FDC50600FD86E5 /* LaunchRootView.swift */; };
		2734451C25FDC50600FD86E5 /* Launch.storyboard in Resources */ = {isa = PBXBuildFile; fileRef = 273444FC25FDC50600FD86E5 /* Launch.storyboard */; };
		2734451D25FDC50600FD86E5 /* LaunchViewController.swift in Sources */ = {isa = PBXBuildFile; fileRef = 273444FD25FDC50600FD86E5 /* LaunchViewController.swift */; };
		2734451E25FDC50600FD86E5 /* AddRadioStations.storyboard in Resources */ = {isa = PBXBuildFile; fileRef = 273444FF25FDC50600FD86E5 /* AddRadioStations.storyboard */; };
		2734451F25FDC50600FD86E5 /* AddRadioStationsRootTableViewCell.swift in Sources */ = {isa = PBXBuildFile; fileRef = 2734450125FDC50600FD86E5 /* AddRadioStationsRootTableViewCell.swift */; };
		2734452025FDC50600FD86E5 /* AddRadioStationsRootNavigationItem.swift in Sources */ = {isa = PBXBuildFile; fileRef = 2734450225FDC50600FD86E5 /* AddRadioStationsRootNavigationItem.swift */; };
		2734452125FDC50600FD86E5 /* AddRadioStationsRootErrorView.swift in Sources */ = {isa = PBXBuildFile; fileRef = 2734450325FDC50600FD86E5 /* AddRadioStationsRootErrorView.swift */; };
		2734452225FDC50600FD86E5 /* AddRadioStationsRootTableView.swift in Sources */ = {isa = PBXBuildFile; fileRef = 2734450425FDC50600FD86E5 /* AddRadioStationsRootTableView.swift */; };
		2734452325FDC50600FD86E5 /* AddRadioStationsRootLoadingView.swift in Sources */ = {isa = PBXBuildFile; fileRef = 2734450525FDC50600FD86E5 /* AddRadioStationsRootLoadingView.swift */; };
		2734452425FDC50600FD86E5 /* AddRadioStationsTableViewController.swift in Sources */ = {isa = PBXBuildFile; fileRef = 2734450625FDC50600FD86E5 /* AddRadioStationsTableViewController.swift */; };
		2734452525FDC50600FD86E5 /* MainViewController.swift in Sources */ = {isa = PBXBuildFile; fileRef = 2734450825FDC50600FD86E5 /* MainViewController.swift */; };
		2734452625FDC50600FD86E5 /* WelcomeRootView.swift in Sources */ = {isa = PBXBuildFile; fileRef = 2734450B25FDC50600FD86E5 /* WelcomeRootView.swift */; };
		2734452725FDC50600FD86E5 /* Welcome.storyboard in Resources */ = {isa = PBXBuildFile; fileRef = 2734450C25FDC50600FD86E5 /* Welcome.storyboard */; };
		2734452825FDC50600FD86E5 /* WelcomeViewController.swift in Sources */ = {isa = PBXBuildFile; fileRef = 2734450D25FDC50600FD86E5 /* WelcomeViewController.swift */; };
		2734452925FDC50600FD86E5 /* PushPermissionRootView.swift in Sources */ = {isa = PBXBuildFile; fileRef = 2734450F25FDC50600FD86E5 /* PushPermissionRootView.swift */; };
		2734452A25FDC50600FD86E5 /* PushPermission.storyboard in Resources */ = {isa = PBXBuildFile; fileRef = 2734451025FDC50600FD86E5 /* PushPermission.storyboard */; };
		2734452B25FDC50600FD86E5 /* PushPermissionViewController.swift in Sources */ = {isa = PBXBuildFile; fileRef = 2734451125FDC50600FD86E5 /* PushPermissionViewController.swift */; };
		2734452C25FDC50600FD86E5 /* OnboardingNavigationViewController.swift in Sources */ = {isa = PBXBuildFile; fileRef = 2734451225FDC50600FD86E5 /* OnboardingNavigationViewController.swift */; };
		2734452D25FDC50600FD86E5 /* WaqayOnboardingDependenciesContainer.swift in Sources */ = {isa = PBXBuildFile; fileRef = 2734451425FDC50600FD86E5 /* WaqayOnboardingDependenciesContainer.swift */; };
		2734452E25FDC50600FD86E5 /* WaqayAppDependenciesContainer.swift in Sources */ = {isa = PBXBuildFile; fileRef = 2734451525FDC50600FD86E5 /* WaqayAppDependenciesContainer.swift */; };
		2734457825FDC66B00FD86E5 /* R.generated.swift in Sources */ = {isa = PBXBuildFile; fileRef = 2734457725FDC66B00FD86E5 /* R.generated.swift */; };
		2734458025FDC81100FD86E5 /* WaqayError+LocalizedError.swift in Sources */ = {isa = PBXBuildFile; fileRef = 2734457F25FDC81100FD86E5 /* WaqayError+LocalizedError.swift */; };
		2734461425FDD6CA00FD86E5 /* AddRadioStations.strings in Resources */ = {isa = PBXBuildFile; fileRef = 2734461625FDD6CA00FD86E5 /* AddRadioStations.strings */; };
		2734461B25FDD6EC00FD86E5 /* SceneDelegate.swift in Sources */ = {isa = PBXBuildFile; fileRef = 2734461A25FDD6EC00FD86E5 /* SceneDelegate.swift */; };
		275F6A2B247219E200ED6058 /* NotificationService.swift in Sources */ = {isa = PBXBuildFile; fileRef = 275F6A2A247219E200ED6058 /* NotificationService.swift */; };
		275F6A2F247219E200ED6058 /* WaqayNotificationServiceExtension.appex in Embed App Extensions */ = {isa = PBXBuildFile; fileRef = 275F6A28247219E200ED6058 /* WaqayNotificationServiceExtension.appex */; settings = {ATTRIBUTES = (RemoveHeadersOnCopy, ); }; };
		275F6A3F24722B3500ED6058 /* Configuration.swift in Sources */ = {isa = PBXBuildFile; fileRef = 275F6A3E24722B3500ED6058 /* Configuration.swift */; };
		278011AE245F7A3000E2A442 /* AppDelegate.swift in Sources */ = {isa = PBXBuildFile; fileRef = 278011AD245F7A3000E2A442 /* AppDelegate.swift */; };
		278011BA245F7A3100E2A442 /* Assets.xcassets in Resources */ = {isa = PBXBuildFile; fileRef = 278011B9245F7A3100E2A442 /* Assets.xcassets */; };
		278011BD245F7A3100E2A442 /* LaunchScreen.storyboard in Resources */ = {isa = PBXBuildFile; fileRef = 278011BB245F7A3100E2A442 /* LaunchScreen.storyboard */; };
		278011C8245F7A3200E2A442 /* WaqayTests.swift in Sources */ = {isa = PBXBuildFile; fileRef = 278011C7245F7A3200E2A442 /* WaqayTests.swift */; };
		749E2E0CF9366DFE15E5B0E7 /* Pods_Waqay_WaqayNotificationServiceExtension.framework in Frameworks */ = {isa = PBXBuildFile; fileRef = 1506E4B03D586C8FED9A13E5 /* Pods_Waqay_WaqayNotificationServiceExtension.framework */; };
/* End PBXBuildFile section */

/* Begin PBXContainerItemProxy section */
		275F6A2D247219E200ED6058 /* PBXContainerItemProxy */ = {
			isa = PBXContainerItemProxy;
			containerPortal = 278011A2245F7A3000E2A442 /* Project object */;
			proxyType = 1;
			remoteGlobalIDString = 275F6A27247219E200ED6058;
			remoteInfo = WaqayNotificationServiceExtension;
		};
		278011C4245F7A3200E2A442 /* PBXContainerItemProxy */ = {
			isa = PBXContainerItemProxy;
			containerPortal = 278011A2245F7A3000E2A442 /* Project object */;
			proxyType = 1;
			remoteGlobalIDString = 278011A9245F7A3000E2A442;
			remoteInfo = Waqay;
		};
/* End PBXContainerItemProxy section */

/* Begin PBXCopyFilesBuildPhase section */
		275F6A30247219E200ED6058 /* Embed App Extensions */ = {
			isa = PBXCopyFilesBuildPhase;
			buildActionMask = 2147483647;
			dstPath = "";
			dstSubfolderSpec = 13;
			files = (
				275F6A2F247219E200ED6058 /* WaqayNotificationServiceExtension.appex in Embed App Extensions */,
			);
			name = "Embed App Extensions";
			runOnlyForDeploymentPostprocessing = 0;
		};
/* End PBXCopyFilesBuildPhase section */

/* Begin PBXFileReference section */
		0A13D93016624BA86171A6FD /* Pods-Waqay.debug.xcconfig */ = {isa = PBXFileReference; includeInIndex = 1; lastKnownFileType = text.xcconfig; name = "Pods-Waqay.debug.xcconfig"; path = "Target Support Files/Pods-Waqay/Pods-Waqay.debug.xcconfig"; sourceTree = "<group>"; };
		0E00D806EBE64B34E7E62D41 /* Pods-Waqay-WaqayNotificationServiceExtension.release.xcconfig */ = {isa = PBXFileReference; includeInIndex = 1; lastKnownFileType = text.xcconfig; name = "Pods-Waqay-WaqayNotificationServiceExtension.release.xcconfig"; path = "Target Support Files/Pods-Waqay-WaqayNotificationServiceExtension/Pods-Waqay-WaqayNotificationServiceExtension.release.xcconfig"; sourceTree = "<group>"; };
		13AF21C8188D6CBDA1E9EA6F /* Pods-WaqayTests.debug.xcconfig */ = {isa = PBXFileReference; includeInIndex = 1; lastKnownFileType = text.xcconfig; name = "Pods-WaqayTests.debug.xcconfig"; path = "Target Support Files/Pods-WaqayTests/Pods-WaqayTests.debug.xcconfig"; sourceTree = "<group>"; };
		1506E4B03D586C8FED9A13E5 /* Pods_Waqay_WaqayNotificationServiceExtension.framework */ = {isa = PBXFileReference; explicitFileType = wrapper.framework; includeInIndex = 0; path = Pods_Waqay_WaqayNotificationServiceExtension.framework; sourceTree = BUILT_PRODUCTS_DIR; };
		273444F325FDC50600FD86E5 /* UIViewController+Waqay_iOS.swift */ = {isa = PBXFileReference; fileEncoding = 4; lastKnownFileType = sourcecode.swift; path = "UIViewController+Waqay_iOS.swift"; sourceTree = "<group>"; };
		273444F525FDC50600FD86E5 /* AddRadioStationsListViewModelFactory.swift */ = {isa = PBXFileReference; fileEncoding = 4; lastKnownFileType = sourcecode.swift; path = AddRadioStationsListViewModelFactory.swift; sourceTree = "<group>"; };
		273444F625FDC50600FD86E5 /* PushPermissionViewModelFactory.swift */ = {isa = PBXFileReference; fileEncoding = 4; lastKnownFileType = sourcecode.swift; path = PushPermissionViewModelFactory.swift; sourceTree = "<group>"; };
		273444F725FDC50600FD86E5 /* LaunchViewModelFactory.swift */ = {isa = PBXFileReference; fileEncoding = 4; lastKnownFileType = sourcecode.swift; path = LaunchViewModelFactory.swift; sourceTree = "<group>"; };
		273444F825FDC50600FD86E5 /* WelcomeViewModelFactory.swift */ = {isa = PBXFileReference; fileEncoding = 4; lastKnownFileType = sourcecode.swift; path = WelcomeViewModelFactory.swift; sourceTree = "<group>"; };
		273444FB25FDC50600FD86E5 /* LaunchRootView.swift */ = {isa = PBXFileReference; fileEncoding = 4; lastKnownFileType = sourcecode.swift; path = LaunchRootView.swift; sourceTree = "<group>"; };
		273444FC25FDC50600FD86E5 /* Launch.storyboard */ = {isa = PBXFileReference; fileEncoding = 4; lastKnownFileType = file.storyboard; path = Launch.storyboard; sourceTree = "<group>"; };
		273444FD25FDC50600FD86E5 /* LaunchViewController.swift */ = {isa = PBXFileReference; fileEncoding = 4; lastKnownFileType = sourcecode.swift; path = LaunchViewController.swift; sourceTree = "<group>"; };
		273444FF25FDC50600FD86E5 /* AddRadioStations.storyboard */ = {isa = PBXFileReference; fileEncoding = 4; lastKnownFileType = file.storyboard; path = AddRadioStations.storyboard; sourceTree = "<group>"; };
		2734450125FDC50600FD86E5 /* AddRadioStationsRootTableViewCell.swift */ = {isa = PBXFileReference; fileEncoding = 4; lastKnownFileType = sourcecode.swift; path = AddRadioStationsRootTableViewCell.swift; sourceTree = "<group>"; };
		2734450225FDC50600FD86E5 /* AddRadioStationsRootNavigationItem.swift */ = {isa = PBXFileReference; fileEncoding = 4; lastKnownFileType = sourcecode.swift; path = AddRadioStationsRootNavigationItem.swift; sourceTree = "<group>"; };
		2734450325FDC50600FD86E5 /* AddRadioStationsRootErrorView.swift */ = {isa = PBXFileReference; fileEncoding = 4; lastKnownFileType = sourcecode.swift; path = AddRadioStationsRootErrorView.swift; sourceTree = "<group>"; };
		2734450425FDC50600FD86E5 /* AddRadioStationsRootTableView.swift */ = {isa = PBXFileReference; fileEncoding = 4; lastKnownFileType = sourcecode.swift; path = AddRadioStationsRootTableView.swift; sourceTree = "<group>"; };
		2734450525FDC50600FD86E5 /* AddRadioStationsRootLoadingView.swift */ = {isa = PBXFileReference; fileEncoding = 4; lastKnownFileType = sourcecode.swift; path = AddRadioStationsRootLoadingView.swift; sourceTree = "<group>"; };
		2734450625FDC50600FD86E5 /* AddRadioStationsTableViewController.swift */ = {isa = PBXFileReference; fileEncoding = 4; lastKnownFileType = sourcecode.swift; path = AddRadioStationsTableViewController.swift; sourceTree = "<group>"; };
		2734450825FDC50600FD86E5 /* MainViewController.swift */ = {isa = PBXFileReference; fileEncoding = 4; lastKnownFileType = sourcecode.swift; path = MainViewController.swift; sourceTree = "<group>"; };
		2734450B25FDC50600FD86E5 /* WelcomeRootView.swift */ = {isa = PBXFileReference; fileEncoding = 4; lastKnownFileType = sourcecode.swift; path = WelcomeRootView.swift; sourceTree = "<group>"; };
		2734450C25FDC50600FD86E5 /* Welcome.storyboard */ = {isa = PBXFileReference; fileEncoding = 4; lastKnownFileType = file.storyboard; path = Welcome.storyboard; sourceTree = "<group>"; };
		2734450D25FDC50600FD86E5 /* WelcomeViewController.swift */ = {isa = PBXFileReference; fileEncoding = 4; lastKnownFileType = sourcecode.swift; path = WelcomeViewController.swift; sourceTree = "<group>"; };
		2734450F25FDC50600FD86E5 /* PushPermissionRootView.swift */ = {isa = PBXFileReference; fileEncoding = 4; lastKnownFileType = sourcecode.swift; path = PushPermissionRootView.swift; sourceTree = "<group>"; };
		2734451025FDC50600FD86E5 /* PushPermission.storyboard */ = {isa = PBXFileReference; fileEncoding = 4; lastKnownFileType = file.storyboard; path = PushPermission.storyboard; sourceTree = "<group>"; };
		2734451125FDC50600FD86E5 /* PushPermissionViewController.swift */ = {isa = PBXFileReference; fileEncoding = 4; lastKnownFileType = sourcecode.swift; path = PushPermissionViewController.swift; sourceTree = "<group>"; };
		2734451225FDC50600FD86E5 /* OnboardingNavigationViewController.swift */ = {isa = PBXFileReference; fileEncoding = 4; lastKnownFileType = sourcecode.swift; path = OnboardingNavigationViewController.swift; sourceTree = "<group>"; };
		2734451425FDC50600FD86E5 /* WaqayOnboardingDependenciesContainer.swift */ = {isa = PBXFileReference; fileEncoding = 4; lastKnownFileType = sourcecode.swift; path = WaqayOnboardingDependenciesContainer.swift; sourceTree = "<group>"; };
		2734451525FDC50600FD86E5 /* WaqayAppDependenciesContainer.swift */ = {isa = PBXFileReference; fileEncoding = 4; lastKnownFileType = sourcecode.swift; path = WaqayAppDependenciesContainer.swift; sourceTree = "<group>"; };
		2734457725FDC66B00FD86E5 /* R.generated.swift */ = {isa = PBXFileReference; lastKnownFileType = sourcecode.swift; path = R.generated.swift; sourceTree = "<group>"; };
		2734457F25FDC81100FD86E5 /* WaqayError+LocalizedError.swift */ = {isa = PBXFileReference; lastKnownFileType = sourcecode.swift; path = "WaqayError+LocalizedError.swift"; sourceTree = "<group>"; };
		2734461525FDD6CA00FD86E5 /* en */ = {isa = PBXFileReference; lastKnownFileType = text.plist.strings; name = en; path = en.lproj/AddRadioStations.strings; sourceTree = "<group>"; };
		2734461A25FDD6EC00FD86E5 /* SceneDelegate.swift */ = {isa = PBXFileReference; lastKnownFileType = sourcecode.swift; path = SceneDelegate.swift; sourceTree = "<group>"; };
		275F6A28247219E200ED6058 /* WaqayNotificationServiceExtension.appex */ = {isa = PBXFileReference; explicitFileType = "wrapper.app-extension"; includeInIndex = 0; path = WaqayNotificationServiceExtension.appex; sourceTree = BUILT_PRODUCTS_DIR; };
		275F6A2A247219E200ED6058 /* NotificationService.swift */ = {isa = PBXFileReference; lastKnownFileType = sourcecode.swift; path = NotificationService.swift; sourceTree = "<group>"; };
		275F6A2C247219E200ED6058 /* Info.plist */ = {isa = PBXFileReference; lastKnownFileType = text.plist.xml; path = Info.plist; sourceTree = "<group>"; };
		275F6A34247219E700ED6058 /* WaqayNotificationServiceExtension.entitlements */ = {isa = PBXFileReference; lastKnownFileType = text.plist.entitlements; path = WaqayNotificationServiceExtension.entitlements; sourceTree = "<group>"; };
		275F6A3B2472250900ED6058 /* Development.xcconfig */ = {isa = PBXFileReference; lastKnownFileType = text.xcconfig; path = Development.xcconfig; sourceTree = "<group>"; };
		275F6A3D2472278600ED6058 /* Production.xcconfig */ = {isa = PBXFileReference; lastKnownFileType = text.xcconfig; path = Production.xcconfig; sourceTree = "<group>"; };
		275F6A3E24722B3500ED6058 /* Configuration.swift */ = {isa = PBXFileReference; lastKnownFileType = sourcecode.swift; path = Configuration.swift; sourceTree = "<group>"; };
		278011AA245F7A3000E2A442 /* Waqay.app */ = {isa = PBXFileReference; explicitFileType = wrapper.application; includeInIndex = 0; path = Waqay.app; sourceTree = BUILT_PRODUCTS_DIR; };
		278011AD245F7A3000E2A442 /* AppDelegate.swift */ = {isa = PBXFileReference; lastKnownFileType = sourcecode.swift; path = AppDelegate.swift; sourceTree = "<group>"; };
		278011B9245F7A3100E2A442 /* Assets.xcassets */ = {isa = PBXFileReference; lastKnownFileType = folder.assetcatalog; path = Assets.xcassets; sourceTree = "<group>"; };
		278011BC245F7A3100E2A442 /* Base */ = {isa = PBXFileReference; lastKnownFileType = file.storyboard; name = Base; path = Base.lproj/LaunchScreen.storyboard; sourceTree = "<group>"; };
		278011BE245F7A3100E2A442 /* Info.plist */ = {isa = PBXFileReference; lastKnownFileType = text.plist.xml; path = Info.plist; sourceTree = "<group>"; };
		278011C3245F7A3200E2A442 /* WaqayTests.xctest */ = {isa = PBXFileReference; explicitFileType = wrapper.cfbundle; includeInIndex = 0; path = WaqayTests.xctest; sourceTree = BUILT_PRODUCTS_DIR; };
		278011C7245F7A3200E2A442 /* WaqayTests.swift */ = {isa = PBXFileReference; lastKnownFileType = sourcecode.swift; path = WaqayTests.swift; sourceTree = "<group>"; };
		278011C9245F7A3200E2A442 /* Info.plist */ = {isa = PBXFileReference; lastKnownFileType = text.plist.xml; path = Info.plist; sourceTree = "<group>"; };
		278011D3245F7CD200E2A442 /* Waqay.entitlements */ = {isa = PBXFileReference; lastKnownFileType = text.plist.entitlements; path = Waqay.entitlements; sourceTree = "<group>"; };
		3AD109D493D36E18EFF4E772 /* Pods_WaqayTests.framework */ = {isa = PBXFileReference; explicitFileType = wrapper.framework; includeInIndex = 0; path = Pods_WaqayTests.framework; sourceTree = BUILT_PRODUCTS_DIR; };
		4F11F50010CEE26478213279 /* Pods_Waqay.framework */ = {isa = PBXFileReference; explicitFileType = wrapper.framework; includeInIndex = 0; path = Pods_Waqay.framework; sourceTree = BUILT_PRODUCTS_DIR; };
		5C85BEBF501E8B760BD9D78B /* Pods-Waqay-WaqayNotificationServiceExtension.debug.xcconfig */ = {isa = PBXFileReference; includeInIndex = 1; lastKnownFileType = text.xcconfig; name = "Pods-Waqay-WaqayNotificationServiceExtension.debug.xcconfig"; path = "Target Support Files/Pods-Waqay-WaqayNotificationServiceExtension/Pods-Waqay-WaqayNotificationServiceExtension.debug.xcconfig"; sourceTree = "<group>"; };
		6B738E10DF40D83802642A12 /* Pods-Waqay.release.xcconfig */ = {isa = PBXFileReference; includeInIndex = 1; lastKnownFileType = text.xcconfig; name = "Pods-Waqay.release.xcconfig"; path = "Target Support Files/Pods-Waqay/Pods-Waqay.release.xcconfig"; sourceTree = "<group>"; };
		9C384F044CF1DD61E7551521 /* Pods-WaqayTests.release.xcconfig */ = {isa = PBXFileReference; includeInIndex = 1; lastKnownFileType = text.xcconfig; name = "Pods-WaqayTests.release.xcconfig"; path = "Target Support Files/Pods-WaqayTests/Pods-WaqayTests.release.xcconfig"; sourceTree = "<group>"; };
/* End PBXFileReference section */

/* Begin PBXFrameworksBuildPhase section */
		275F6A25247219E200ED6058 /* Frameworks */ = {
			isa = PBXFrameworksBuildPhase;
			buildActionMask = 2147483647;
			files = (
				749E2E0CF9366DFE15E5B0E7 /* Pods_Waqay_WaqayNotificationServiceExtension.framework in Frameworks */,
			);
			runOnlyForDeploymentPostprocessing = 0;
		};
		278011A7245F7A3000E2A442 /* Frameworks */ = {
			isa = PBXFrameworksBuildPhase;
			buildActionMask = 2147483647;
			files = (
				21855959226BD16D9C55371A /* Pods_Waqay.framework in Frameworks */,
			);
			runOnlyForDeploymentPostprocessing = 0;
		};
		278011C0245F7A3200E2A442 /* Frameworks */ = {
			isa = PBXFrameworksBuildPhase;
			buildActionMask = 2147483647;
			files = (
				05B44D29C2479AA9120593C8 /* Pods_WaqayTests.framework in Frameworks */,
			);
			runOnlyForDeploymentPostprocessing = 0;
		};
/* End PBXFrameworksBuildPhase section */

/* Begin PBXGroup section */
		273444F125FDC50600FD86E5 /* iOS */ = {
			isa = PBXGroup;
			children = (
				2734451325FDC50600FD86E5 /* Containers */,
				273444F425FDC50600FD86E5 /* Factories */,
				273444F925FDC50600FD86E5 /* Controllers  */,
				273444F225FDC50600FD86E5 /* Tools */,
			);
			path = iOS;
			sourceTree = "<group>";
		};
		273444F225FDC50600FD86E5 /* Tools */ = {
			isa = PBXGroup;
			children = (
				273444F325FDC50600FD86E5 /* UIViewController+Waqay_iOS.swift */,
				2734457725FDC66B00FD86E5 /* R.generated.swift */,
				2734457F25FDC81100FD86E5 /* WaqayError+LocalizedError.swift */,
			);
			path = Tools;
			sourceTree = "<group>";
		};
		273444F425FDC50600FD86E5 /* Factories */ = {
			isa = PBXGroup;
			children = (
				273444F525FDC50600FD86E5 /* AddRadioStationsListViewModelFactory.swift */,
				273444F625FDC50600FD86E5 /* PushPermissionViewModelFactory.swift */,
				273444F725FDC50600FD86E5 /* LaunchViewModelFactory.swift */,
				273444F825FDC50600FD86E5 /* WelcomeViewModelFactory.swift */,
			);
			path = Factories;
			sourceTree = "<group>";
		};
		273444F925FDC50600FD86E5 /* Controllers  */ = {
			isa = PBXGroup;
			children = (
				273444FA25FDC50600FD86E5 /* Launch */,
				273444FE25FDC50600FD86E5 /* AddRadios */,
				2734450725FDC50600FD86E5 /* Main */,
				2734450925FDC50600FD86E5 /* Onboarding */,
			);
			path = "Controllers ";
			sourceTree = "<group>";
		};
		273444FA25FDC50600FD86E5 /* Launch */ = {
			isa = PBXGroup;
			children = (
				273444FB25FDC50600FD86E5 /* LaunchRootView.swift */,
				273444FD25FDC50600FD86E5 /* LaunchViewController.swift */,
				273444FC25FDC50600FD86E5 /* Launch.storyboard */,
			);
			path = Launch;
			sourceTree = "<group>";
		};
		273444FE25FDC50600FD86E5 /* AddRadios */ = {
			isa = PBXGroup;
			children = (
				2734450025FDC50600FD86E5 /* Views */,
				2734450625FDC50600FD86E5 /* AddRadioStationsTableViewController.swift */,
				273444FF25FDC50600FD86E5 /* AddRadioStations.storyboard */,
			);
			path = AddRadios;
			sourceTree = "<group>";
		};
		2734450025FDC50600FD86E5 /* Views */ = {
			isa = PBXGroup;
			children = (
				2734450125FDC50600FD86E5 /* AddRadioStationsRootTableViewCell.swift */,
				2734450225FDC50600FD86E5 /* AddRadioStationsRootNavigationItem.swift */,
				2734450325FDC50600FD86E5 /* AddRadioStationsRootErrorView.swift */,
				2734450425FDC50600FD86E5 /* AddRadioStationsRootTableView.swift */,
				2734450525FDC50600FD86E5 /* AddRadioStationsRootLoadingView.swift */,
			);
			path = Views;
			sourceTree = "<group>";
		};
		2734450725FDC50600FD86E5 /* Main */ = {
			isa = PBXGroup;
			children = (
				2734450825FDC50600FD86E5 /* MainViewController.swift */,
			);
			path = Main;
			sourceTree = "<group>";
		};
		2734450925FDC50600FD86E5 /* Onboarding */ = {
			isa = PBXGroup;
			children = (
				2734450A25FDC50600FD86E5 /* Welcome */,
				2734450E25FDC50600FD86E5 /* PushPermission */,
				2734451225FDC50600FD86E5 /* OnboardingNavigationViewController.swift */,
			);
			path = Onboarding;
			sourceTree = "<group>";
		};
		2734450A25FDC50600FD86E5 /* Welcome */ = {
			isa = PBXGroup;
			children = (
				2734450B25FDC50600FD86E5 /* WelcomeRootView.swift */,
				2734450C25FDC50600FD86E5 /* Welcome.storyboard */,
				2734450D25FDC50600FD86E5 /* WelcomeViewController.swift */,
			);
			path = Welcome;
			sourceTree = "<group>";
		};
		2734450E25FDC50600FD86E5 /* PushPermission */ = {
			isa = PBXGroup;
			children = (
				2734450F25FDC50600FD86E5 /* PushPermissionRootView.swift */,
				2734451025FDC50600FD86E5 /* PushPermission.storyboard */,
				2734451125FDC50600FD86E5 /* PushPermissionViewController.swift */,
			);
			path = PushPermission;
			sourceTree = "<group>";
		};
		2734451325FDC50600FD86E5 /* Containers */ = {
			isa = PBXGroup;
			children = (
				2734451425FDC50600FD86E5 /* WaqayOnboardingDependenciesContainer.swift */,
				2734451525FDC50600FD86E5 /* WaqayAppDependenciesContainer.swift */,
			);
			path = Containers;
			sourceTree = "<group>";
		};
		273445FF25FDD11E00FD86E5 /* Strings */ = {
			isa = PBXGroup;
			children = (
				2734461625FDD6CA00FD86E5 /* AddRadioStations.strings */,
			);
			path = Strings;
			sourceTree = "<group>";
		};
		275F6A29247219E200ED6058 /* WaqayNotificationServiceExtension */ = {
			isa = PBXGroup;
			children = (
				275F6A34247219E700ED6058 /* WaqayNotificationServiceExtension.entitlements */,
				275F6A2A247219E200ED6058 /* NotificationService.swift */,
				275F6A2C247219E200ED6058 /* Info.plist */,
			);
			path = WaqayNotificationServiceExtension;
			sourceTree = "<group>";
		};
		278011A1245F7A3000E2A442 = {
			isa = PBXGroup;
			children = (
				278011AC245F7A3000E2A442 /* Waqay */,
				278011C6245F7A3200E2A442 /* WaqayTests */,
				275F6A29247219E200ED6058 /* WaqayNotificationServiceExtension */,
				278011AB245F7A3000E2A442 /* Products */,
				E524C9574189F3E332C56E54 /* Pods */,
				71E6A06306231A130EFF975B /* Frameworks */,
			);
			sourceTree = "<group>";
		};
		278011AB245F7A3000E2A442 /* Products */ = {
			isa = PBXGroup;
			children = (
				278011AA245F7A3000E2A442 /* Waqay.app */,
				278011C3245F7A3200E2A442 /* WaqayTests.xctest */,
				275F6A28247219E200ED6058 /* WaqayNotificationServiceExtension.appex */,
			);
			name = Products;
			sourceTree = "<group>";
		};
		278011AC245F7A3000E2A442 /* Waqay */ = {
			isa = PBXGroup;
			children = (
				273444F125FDC50600FD86E5 /* iOS */,
				273445FF25FDD11E00FD86E5 /* Strings */,
				278011D3245F7CD200E2A442 /* Waqay.entitlements */,
				278011B9245F7A3100E2A442 /* Assets.xcassets */,
				278011AD245F7A3000E2A442 /* AppDelegate.swift */,
				2734461A25FDD6EC00FD86E5 /* SceneDelegate.swift */,
				278011BB245F7A3100E2A442 /* LaunchScreen.storyboard */,
				278011BE245F7A3100E2A442 /* Info.plist */,
				275F6A3B2472250900ED6058 /* Development.xcconfig */,
				275F6A3D2472278600ED6058 /* Production.xcconfig */,
				275F6A3E24722B3500ED6058 /* Configuration.swift */,
			);
			path = Waqay;
			sourceTree = "<group>";
		};
		278011C6245F7A3200E2A442 /* WaqayTests */ = {
			isa = PBXGroup;
			children = (
				278011C7245F7A3200E2A442 /* WaqayTests.swift */,
				278011C9245F7A3200E2A442 /* Info.plist */,
			);
			path = WaqayTests;
			sourceTree = "<group>";
		};
		71E6A06306231A130EFF975B /* Frameworks */ = {
			isa = PBXGroup;
			children = (
				4F11F50010CEE26478213279 /* Pods_Waqay.framework */,
				3AD109D493D36E18EFF4E772 /* Pods_WaqayTests.framework */,
				1506E4B03D586C8FED9A13E5 /* Pods_Waqay_WaqayNotificationServiceExtension.framework */,
			);
			name = Frameworks;
			sourceTree = "<group>";
		};
		E524C9574189F3E332C56E54 /* Pods */ = {
			isa = PBXGroup;
			children = (
				0A13D93016624BA86171A6FD /* Pods-Waqay.debug.xcconfig */,
				6B738E10DF40D83802642A12 /* Pods-Waqay.release.xcconfig */,
				13AF21C8188D6CBDA1E9EA6F /* Pods-WaqayTests.debug.xcconfig */,
				9C384F044CF1DD61E7551521 /* Pods-WaqayTests.release.xcconfig */,
				5C85BEBF501E8B760BD9D78B /* Pods-Waqay-WaqayNotificationServiceExtension.debug.xcconfig */,
				0E00D806EBE64B34E7E62D41 /* Pods-Waqay-WaqayNotificationServiceExtension.release.xcconfig */,
			);
			path = Pods;
			sourceTree = "<group>";
		};
/* End PBXGroup section */

/* Begin PBXNativeTarget section */
		275F6A27247219E200ED6058 /* WaqayNotificationServiceExtension */ = {
			isa = PBXNativeTarget;
			buildConfigurationList = 275F6A33247219E200ED6058 /* Build configuration list for PBXNativeTarget "WaqayNotificationServiceExtension" */;
			buildPhases = (
				ED57BEFC2A1DAB61A06C3365 /* [CP] Check Pods Manifest.lock */,
				275F6A24247219E200ED6058 /* Sources */,
				275F6A25247219E200ED6058 /* Frameworks */,
				275F6A26247219E200ED6058 /* Resources */,
			);
			buildRules = (
			);
			dependencies = (
			);
			name = WaqayNotificationServiceExtension;
			productName = WaqayNotificationServiceExtension;
			productReference = 275F6A28247219E200ED6058 /* WaqayNotificationServiceExtension.appex */;
			productType = "com.apple.product-type.app-extension";
		};
		278011A9245F7A3000E2A442 /* Waqay */ = {
			isa = PBXNativeTarget;
			buildConfigurationList = 278011CC245F7A3200E2A442 /* Build configuration list for PBXNativeTarget "Waqay" */;
			buildPhases = (
				6DFEE4B77A2DEB554CA71311 /* [CP] Check Pods Manifest.lock */,
				2734457325FDC60500FD86E5 /* R.swift */,
				278011A6245F7A3000E2A442 /* Sources */,
				278011A7245F7A3000E2A442 /* Frameworks */,
				278011A8245F7A3000E2A442 /* Resources */,
				275F6A30247219E200ED6058 /* Embed App Extensions */,
			);
			buildRules = (
			);
			dependencies = (
				275F6A2E247219E200ED6058 /* PBXTargetDependency */,
			);
			name = Waqay;
			productName = Waqay;
			productReference = 278011AA245F7A3000E2A442 /* Waqay.app */;
			productType = "com.apple.product-type.application";
		};
		278011C2245F7A3200E2A442 /* WaqayTests */ = {
			isa = PBXNativeTarget;
			buildConfigurationList = 278011CF245F7A3200E2A442 /* Build configuration list for PBXNativeTarget "WaqayTests" */;
			buildPhases = (
				6C688E127AB7A3093515E001 /* [CP] Check Pods Manifest.lock */,
				278011BF245F7A3200E2A442 /* Sources */,
				278011C0245F7A3200E2A442 /* Frameworks */,
				278011C1245F7A3200E2A442 /* Resources */,
			);
			buildRules = (
			);
			dependencies = (
				278011C5245F7A3200E2A442 /* PBXTargetDependency */,
			);
			name = WaqayTests;
			productName = WaqayTests;
			productReference = 278011C3245F7A3200E2A442 /* WaqayTests.xctest */;
			productType = "com.apple.product-type.bundle.unit-test";
		};
/* End PBXNativeTarget section */

/* Begin PBXProject section */
		278011A2245F7A3000E2A442 /* Project object */ = {
			isa = PBXProject;
			attributes = {
				LastSwiftUpdateCheck = 1140;
				LastUpgradeCheck = 1140;
				ORGANIZATIONNAME = "Property Atomic Strong SAC";
				TargetAttributes = {
					275F6A27247219E200ED6058 = {
						CreatedOnToolsVersion = 11.4.1;
					};
					278011A9245F7A3000E2A442 = {
						CreatedOnToolsVersion = 11.4.1;
					};
					278011C2245F7A3200E2A442 = {
						CreatedOnToolsVersion = 11.4.1;
						TestTargetID = 278011A9245F7A3000E2A442;
					};
				};
			};
			buildConfigurationList = 278011A5245F7A3000E2A442 /* Build configuration list for PBXProject "Waqay" */;
			compatibilityVersion = "Xcode 9.3";
			developmentRegion = en;
			hasScannedForEncodings = 0;
			knownRegions = (
				en,
				Base,
			);
			mainGroup = 278011A1245F7A3000E2A442;
			productRefGroup = 278011AB245F7A3000E2A442 /* Products */;
			projectDirPath = "";
			projectRoot = "";
			targets = (
				278011A9245F7A3000E2A442 /* Waqay */,
				278011C2245F7A3200E2A442 /* WaqayTests */,
				275F6A27247219E200ED6058 /* WaqayNotificationServiceExtension */,
			);
		};
/* End PBXProject section */

/* Begin PBXResourcesBuildPhase section */
		275F6A26247219E200ED6058 /* Resources */ = {
			isa = PBXResourcesBuildPhase;
			buildActionMask = 2147483647;
			files = (
			);
			runOnlyForDeploymentPostprocessing = 0;
		};
		278011A8245F7A3000E2A442 /* Resources */ = {
			isa = PBXResourcesBuildPhase;
			buildActionMask = 2147483647;
			files = (
				278011BD245F7A3100E2A442 /* LaunchScreen.storyboard in Resources */,
				2734461425FDD6CA00FD86E5 /* AddRadioStations.strings in Resources */,
				278011BA245F7A3100E2A442 /* Assets.xcassets in Resources */,
				2734451C25FDC50600FD86E5 /* Launch.storyboard in Resources */,
				2734452725FDC50600FD86E5 /* Welcome.storyboard in Resources */,
				2734451E25FDC50600FD86E5 /* AddRadioStations.storyboard in Resources */,
				2734452A25FDC50600FD86E5 /* PushPermission.storyboard in Resources */,
			);
			runOnlyForDeploymentPostprocessing = 0;
		};
		278011C1245F7A3200E2A442 /* Resources */ = {
			isa = PBXResourcesBuildPhase;
			buildActionMask = 2147483647;
			files = (
			);
			runOnlyForDeploymentPostprocessing = 0;
		};
/* End PBXResourcesBuildPhase section */

/* Begin PBXShellScriptBuildPhase section */
		2734457325FDC60500FD86E5 /* R.swift */ = {
			isa = PBXShellScriptBuildPhase;
			buildActionMask = 2147483647;
			files = (
			);
			inputFileListPaths = (
			);
			inputPaths = (
				"$TEMP_DIR/rswift-lastrun",
			);
			name = R.swift;
			outputFileListPaths = (
			);
			outputPaths = (
				$SRCROOT/Waqay/iOS/Tools/R.generated.swift,
			);
			runOnlyForDeploymentPostprocessing = 0;
			shellPath = /bin/sh;
			shellScript = "\"$PODS_ROOT/R.swift/rswift\" generate \"$SRCROOT/Waqay/iOS/Tools/R.generated.swift\"\n";
		};
		6C688E127AB7A3093515E001 /* [CP] Check Pods Manifest.lock */ = {
			isa = PBXShellScriptBuildPhase;
			buildActionMask = 2147483647;
			files = (
			);
			inputFileListPaths = (
			);
			inputPaths = (
				"${PODS_PODFILE_DIR_PATH}/Podfile.lock",
				"${PODS_ROOT}/Manifest.lock",
			);
			name = "[CP] Check Pods Manifest.lock";
			outputFileListPaths = (
			);
			outputPaths = (
				"$(DERIVED_FILE_DIR)/Pods-WaqayTests-checkManifestLockResult.txt",
			);
			runOnlyForDeploymentPostprocessing = 0;
			shellPath = /bin/sh;
			shellScript = "diff \"${PODS_PODFILE_DIR_PATH}/Podfile.lock\" \"${PODS_ROOT}/Manifest.lock\" > /dev/null\nif [ $? != 0 ] ; then\n    # print error to STDERR\n    echo \"error: The sandbox is not in sync with the Podfile.lock. Run 'pod install' or update your CocoaPods installation.\" >&2\n    exit 1\nfi\n# This output is used by Xcode 'outputs' to avoid re-running this script phase.\necho \"SUCCESS\" > \"${SCRIPT_OUTPUT_FILE_0}\"\n";
			showEnvVarsInLog = 0;
		};
		6DFEE4B77A2DEB554CA71311 /* [CP] Check Pods Manifest.lock */ = {
			isa = PBXShellScriptBuildPhase;
			buildActionMask = 2147483647;
			files = (
			);
			inputFileListPaths = (
			);
			inputPaths = (
				"${PODS_PODFILE_DIR_PATH}/Podfile.lock",
				"${PODS_ROOT}/Manifest.lock",
			);
			name = "[CP] Check Pods Manifest.lock";
			outputFileListPaths = (
			);
			outputPaths = (
				"$(DERIVED_FILE_DIR)/Pods-Waqay-checkManifestLockResult.txt",
			);
			runOnlyForDeploymentPostprocessing = 0;
			shellPath = /bin/sh;
			shellScript = "diff \"${PODS_PODFILE_DIR_PATH}/Podfile.lock\" \"${PODS_ROOT}/Manifest.lock\" > /dev/null\nif [ $? != 0 ] ; then\n    # print error to STDERR\n    echo \"error: The sandbox is not in sync with the Podfile.lock. Run 'pod install' or update your CocoaPods installation.\" >&2\n    exit 1\nfi\n# This output is used by Xcode 'outputs' to avoid re-running this script phase.\necho \"SUCCESS\" > \"${SCRIPT_OUTPUT_FILE_0}\"\n";
			showEnvVarsInLog = 0;
		};
		ED57BEFC2A1DAB61A06C3365 /* [CP] Check Pods Manifest.lock */ = {
			isa = PBXShellScriptBuildPhase;
			buildActionMask = 2147483647;
			files = (
			);
			inputFileListPaths = (
			);
			inputPaths = (
				"${PODS_PODFILE_DIR_PATH}/Podfile.lock",
				"${PODS_ROOT}/Manifest.lock",
			);
			name = "[CP] Check Pods Manifest.lock";
			outputFileListPaths = (
			);
			outputPaths = (
				"$(DERIVED_FILE_DIR)/Pods-Waqay-WaqayNotificationServiceExtension-checkManifestLockResult.txt",
			);
			runOnlyForDeploymentPostprocessing = 0;
			shellPath = /bin/sh;
			shellScript = "diff \"${PODS_PODFILE_DIR_PATH}/Podfile.lock\" \"${PODS_ROOT}/Manifest.lock\" > /dev/null\nif [ $? != 0 ] ; then\n    # print error to STDERR\n    echo \"error: The sandbox is not in sync with the Podfile.lock. Run 'pod install' or update your CocoaPods installation.\" >&2\n    exit 1\nfi\n# This output is used by Xcode 'outputs' to avoid re-running this script phase.\necho \"SUCCESS\" > \"${SCRIPT_OUTPUT_FILE_0}\"\n";
			showEnvVarsInLog = 0;
		};
/* End PBXShellScriptBuildPhase section */

/* Begin PBXSourcesBuildPhase section */
		275F6A24247219E200ED6058 /* Sources */ = {
			isa = PBXSourcesBuildPhase;
			buildActionMask = 2147483647;
			files = (
				275F6A2B247219E200ED6058 /* NotificationService.swift in Sources */,
			);
			runOnlyForDeploymentPostprocessing = 0;
		};
		278011A6245F7A3000E2A442 /* Sources */ = {
			isa = PBXSourcesBuildPhase;
			buildActionMask = 2147483647;
			files = (
				2734451A25FDC50600FD86E5 /* WelcomeViewModelFactory.swift in Sources */,
				2734451D25FDC50600FD86E5 /* LaunchViewController.swift in Sources */,
				2734451825FDC50600FD86E5 /* PushPermissionViewModelFactory.swift in Sources */,
				2734452425FDC50600FD86E5 /* AddRadioStationsTableViewController.swift in Sources */,
				275F6A3F24722B3500ED6058 /* Configuration.swift in Sources */,
				2734452825FDC50600FD86E5 /* WelcomeViewController.swift in Sources */,
				2734452C25FDC50600FD86E5 /* OnboardingNavigationViewController.swift in Sources */,
				2734458025FDC81100FD86E5 /* WaqayError+LocalizedError.swift in Sources */,
				2734451725FDC50600FD86E5 /* AddRadioStationsListViewModelFactory.swift in Sources */,
				2734451625FDC50600FD86E5 /* UIViewController+Waqay_iOS.swift in Sources */,
				2734452B25FDC50600FD86E5 /* PushPermissionViewController.swift in Sources */,
				2734452925FDC50600FD86E5 /* PushPermissionRootView.swift in Sources */,
				2734457825FDC66B00FD86E5 /* R.generated.swift in Sources */,
				278011AE245F7A3000E2A442 /* AppDelegate.swift in Sources */,
				2734452525FDC50600FD86E5 /* MainViewController.swift in Sources */,
				2734452125FDC50600FD86E5 /* AddRadioStationsRootErrorView.swift in Sources */,
				2734452225FDC50600FD86E5 /* AddRadioStationsRootTableView.swift in Sources */,
				2734452325FDC50600FD86E5 /* AddRadioStationsRootLoadingView.swift in Sources */,
				2734452625FDC50600FD86E5 /* WelcomeRootView.swift in Sources */,
				2734452D25FDC50600FD86E5 /* WaqayOnboardingDependenciesContainer.swift in Sources */,
				2734452E25FDC50600FD86E5 /* WaqayAppDependenciesContainer.swift in Sources */,
				2734461B25FDD6EC00FD86E5 /* SceneDelegate.swift in Sources */,
				2734451B25FDC50600FD86E5 /* LaunchRootView.swift in Sources */,
				2734451925FDC50600FD86E5 /* LaunchViewModelFactory.swift in Sources */,
				2734451F25FDC50600FD86E5 /* AddRadioStationsRootTableViewCell.swift in Sources */,
				2734452025FDC50600FD86E5 /* AddRadioStationsRootNavigationItem.swift in Sources */,
			);
			runOnlyForDeploymentPostprocessing = 0;
		};
		278011BF245F7A3200E2A442 /* Sources */ = {
			isa = PBXSourcesBuildPhase;
			buildActionMask = 2147483647;
			files = (
				278011C8245F7A3200E2A442 /* WaqayTests.swift in Sources */,
			);
			runOnlyForDeploymentPostprocessing = 0;
		};
/* End PBXSourcesBuildPhase section */

/* Begin PBXTargetDependency section */
		275F6A2E247219E200ED6058 /* PBXTargetDependency */ = {
			isa = PBXTargetDependency;
			target = 275F6A27247219E200ED6058 /* WaqayNotificationServiceExtension */;
			targetProxy = 275F6A2D247219E200ED6058 /* PBXContainerItemProxy */;
		};
		278011C5245F7A3200E2A442 /* PBXTargetDependency */ = {
			isa = PBXTargetDependency;
			target = 278011A9245F7A3000E2A442 /* Waqay */;
			targetProxy = 278011C4245F7A3200E2A442 /* PBXContainerItemProxy */;
		};
/* End PBXTargetDependency section */

/* Begin PBXVariantGroup section */
		2734461625FDD6CA00FD86E5 /* AddRadioStations.strings */ = {
			isa = PBXVariantGroup;
			children = (
				2734461525FDD6CA00FD86E5 /* en */,
			);
			name = AddRadioStations.strings;
			sourceTree = "<group>";
		};
		278011BB245F7A3100E2A442 /* LaunchScreen.storyboard */ = {
			isa = PBXVariantGroup;
			children = (
				278011BC245F7A3100E2A442 /* Base */,
			);
			name = LaunchScreen.storyboard;
			sourceTree = "<group>";
		};
/* End PBXVariantGroup section */

/* Begin XCBuildConfiguration section */
		275F6A31247219E200ED6058 /* Debug */ = {
			isa = XCBuildConfiguration;
			baseConfigurationReference = 5C85BEBF501E8B760BD9D78B /* Pods-Waqay-WaqayNotificationServiceExtension.debug.xcconfig */;
			buildSettings = {
				CODE_SIGN_ENTITLEMENTS = WaqayNotificationServiceExtension/WaqayNotificationServiceExtension.entitlements;
				CODE_SIGN_STYLE = Automatic;
				CURRENT_PROJECT_VERSION = 2.0.1;
				DEVELOPMENT_TEAM = AU3J78BE58;
				INFOPLIST_FILE = WaqayNotificationServiceExtension/Info.plist;
				IPHONEOS_DEPLOYMENT_TARGET = 11.4;
				LD_RUNPATH_SEARCH_PATHS = (
					"$(inherited)",
					"@executable_path/Frameworks",
					"@executable_path/../../Frameworks",
				);
				MARKETING_VERSION = 2.0;
				PRODUCT_BUNDLE_IDENTIFIER = com.proatomicdev.Waqay.debug.WaqayNotificationServiceExtension;
				PRODUCT_NAME = "$(TARGET_NAME)";
				SKIP_INSTALL = YES;
				SWIFT_VERSION = 5.0;
				TARGETED_DEVICE_FAMILY = "1,2";
			};
			name = Debug;
		};
		275F6A32247219E200ED6058 /* Release */ = {
			isa = XCBuildConfiguration;
			baseConfigurationReference = 0E00D806EBE64B34E7E62D41 /* Pods-Waqay-WaqayNotificationServiceExtension.release.xcconfig */;
			buildSettings = {
				CODE_SIGN_ENTITLEMENTS = WaqayNotificationServiceExtension/WaqayNotificationServiceExtension.entitlements;
				CODE_SIGN_STYLE = Automatic;
				CURRENT_PROJECT_VERSION = 2.0.1;
				DEVELOPMENT_TEAM = AU3J78BE58;
				INFOPLIST_FILE = WaqayNotificationServiceExtension/Info.plist;
				IPHONEOS_DEPLOYMENT_TARGET = 11.4;
				LD_RUNPATH_SEARCH_PATHS = (
					"$(inherited)",
					"@executable_path/Frameworks",
					"@executable_path/../../Frameworks",
				);
				MARKETING_VERSION = 2.0;
				PRODUCT_BUNDLE_IDENTIFIER = com.proatomicdev.Waqay.WaqayNotificationServiceExtension;
				PRODUCT_NAME = "$(TARGET_NAME)";
				SKIP_INSTALL = YES;
				SWIFT_VERSION = 5.0;
				TARGETED_DEVICE_FAMILY = "1,2";
			};
			name = Release;
		};
		278011CA245F7A3200E2A442 /* Debug */ = {
			isa = XCBuildConfiguration;
			buildSettings = {
				ALWAYS_SEARCH_USER_PATHS = NO;
				CLANG_ANALYZER_NONNULL = YES;
				CLANG_ANALYZER_NUMBER_OBJECT_CONVERSION = YES_AGGRESSIVE;
				CLANG_CXX_LANGUAGE_STANDARD = "gnu++14";
				CLANG_CXX_LIBRARY = "libc++";
				CLANG_ENABLE_MODULES = YES;
				CLANG_ENABLE_OBJC_ARC = YES;
				CLANG_ENABLE_OBJC_WEAK = YES;
				CLANG_WARN_BLOCK_CAPTURE_AUTORELEASING = YES;
				CLANG_WARN_BOOL_CONVERSION = YES;
				CLANG_WARN_COMMA = YES;
				CLANG_WARN_CONSTANT_CONVERSION = YES;
				CLANG_WARN_DEPRECATED_OBJC_IMPLEMENTATIONS = YES;
				CLANG_WARN_DIRECT_OBJC_ISA_USAGE = YES_ERROR;
				CLANG_WARN_DOCUMENTATION_COMMENTS = YES;
				CLANG_WARN_EMPTY_BODY = YES;
				CLANG_WARN_ENUM_CONVERSION = YES;
				CLANG_WARN_INFINITE_RECURSION = YES;
				CLANG_WARN_INT_CONVERSION = YES;
				CLANG_WARN_NON_LITERAL_NULL_CONVERSION = YES;
				CLANG_WARN_OBJC_IMPLICIT_RETAIN_SELF = YES;
				CLANG_WARN_OBJC_LITERAL_CONVERSION = YES;
				CLANG_WARN_OBJC_ROOT_CLASS = YES_ERROR;
				CLANG_WARN_RANGE_LOOP_ANALYSIS = YES;
				CLANG_WARN_STRICT_PROTOTYPES = YES;
				CLANG_WARN_SUSPICIOUS_MOVE = YES;
				CLANG_WARN_UNGUARDED_AVAILABILITY = YES_AGGRESSIVE;
				CLANG_WARN_UNREACHABLE_CODE = YES;
				CLANG_WARN__DUPLICATE_METHOD_MATCH = YES;
				COPY_PHASE_STRIP = NO;
				DEBUG_INFORMATION_FORMAT = dwarf;
				ENABLE_STRICT_OBJC_MSGSEND = YES;
				ENABLE_TESTABILITY = YES;
				GCC_C_LANGUAGE_STANDARD = gnu11;
				GCC_DYNAMIC_NO_PIC = NO;
				GCC_NO_COMMON_BLOCKS = YES;
				GCC_OPTIMIZATION_LEVEL = 0;
				GCC_PREPROCESSOR_DEFINITIONS = (
					"DEBUG=1",
					"$(inherited)",
				);
				GCC_WARN_64_TO_32_BIT_CONVERSION = YES;
				GCC_WARN_ABOUT_RETURN_TYPE = YES_ERROR;
				GCC_WARN_UNDECLARED_SELECTOR = YES;
				GCC_WARN_UNINITIALIZED_AUTOS = YES_AGGRESSIVE;
				GCC_WARN_UNUSED_FUNCTION = YES;
				GCC_WARN_UNUSED_VARIABLE = YES;
				IPHONEOS_DEPLOYMENT_TARGET = 11.4;
				MTL_ENABLE_DEBUG_INFO = INCLUDE_SOURCE;
				MTL_FAST_MATH = YES;
				ONLY_ACTIVE_ARCH = YES;
				SDKROOT = iphoneos;
				SWIFT_ACTIVE_COMPILATION_CONDITIONS = DEBUG;
				SWIFT_OPTIMIZATION_LEVEL = "-Onone";
			};
			name = Debug;
		};
		278011CB245F7A3200E2A442 /* Release */ = {
			isa = XCBuildConfiguration;
			buildSettings = {
				ALWAYS_SEARCH_USER_PATHS = NO;
				CLANG_ANALYZER_NONNULL = YES;
				CLANG_ANALYZER_NUMBER_OBJECT_CONVERSION = YES_AGGRESSIVE;
				CLANG_CXX_LANGUAGE_STANDARD = "gnu++14";
				CLANG_CXX_LIBRARY = "libc++";
				CLANG_ENABLE_MODULES = YES;
				CLANG_ENABLE_OBJC_ARC = YES;
				CLANG_ENABLE_OBJC_WEAK = YES;
				CLANG_WARN_BLOCK_CAPTURE_AUTORELEASING = YES;
				CLANG_WARN_BOOL_CONVERSION = YES;
				CLANG_WARN_COMMA = YES;
				CLANG_WARN_CONSTANT_CONVERSION = YES;
				CLANG_WARN_DEPRECATED_OBJC_IMPLEMENTATIONS = YES;
				CLANG_WARN_DIRECT_OBJC_ISA_USAGE = YES_ERROR;
				CLANG_WARN_DOCUMENTATION_COMMENTS = YES;
				CLANG_WARN_EMPTY_BODY = YES;
				CLANG_WARN_ENUM_CONVERSION = YES;
				CLANG_WARN_INFINITE_RECURSION = YES;
				CLANG_WARN_INT_CONVERSION = YES;
				CLANG_WARN_NON_LITERAL_NULL_CONVERSION = YES;
				CLANG_WARN_OBJC_IMPLICIT_RETAIN_SELF = YES;
				CLANG_WARN_OBJC_LITERAL_CONVERSION = YES;
				CLANG_WARN_OBJC_ROOT_CLASS = YES_ERROR;
				CLANG_WARN_RANGE_LOOP_ANALYSIS = YES;
				CLANG_WARN_STRICT_PROTOTYPES = YES;
				CLANG_WARN_SUSPICIOUS_MOVE = YES;
				CLANG_WARN_UNGUARDED_AVAILABILITY = YES_AGGRESSIVE;
				CLANG_WARN_UNREACHABLE_CODE = YES;
				CLANG_WARN__DUPLICATE_METHOD_MATCH = YES;
				COPY_PHASE_STRIP = NO;
				DEBUG_INFORMATION_FORMAT = "dwarf-with-dsym";
				ENABLE_NS_ASSERTIONS = NO;
				ENABLE_STRICT_OBJC_MSGSEND = YES;
				GCC_C_LANGUAGE_STANDARD = gnu11;
				GCC_NO_COMMON_BLOCKS = YES;
				GCC_WARN_64_TO_32_BIT_CONVERSION = YES;
				GCC_WARN_ABOUT_RETURN_TYPE = YES_ERROR;
				GCC_WARN_UNDECLARED_SELECTOR = YES;
				GCC_WARN_UNINITIALIZED_AUTOS = YES_AGGRESSIVE;
				GCC_WARN_UNUSED_FUNCTION = YES;
				GCC_WARN_UNUSED_VARIABLE = YES;
				IPHONEOS_DEPLOYMENT_TARGET = 11.4;
				MTL_ENABLE_DEBUG_INFO = NO;
				MTL_FAST_MATH = YES;
				SDKROOT = iphoneos;
				SWIFT_COMPILATION_MODE = wholemodule;
				SWIFT_OPTIMIZATION_LEVEL = "-O";
				VALIDATE_PRODUCT = YES;
			};
			name = Release;
		};
		278011CD245F7A3200E2A442 /* Debug */ = {
			isa = XCBuildConfiguration;
			baseConfigurationReference = 275F6A3B2472250900ED6058 /* Development.xcconfig */;
			buildSettings = {
				ALWAYS_EMBED_SWIFT_STANDARD_LIBRARIES = "$(inherited)";
				ASSETCATALOG_COMPILER_APPICON_NAME = AppIcon;
				CODE_SIGN_ENTITLEMENTS = Waqay/Waqay.entitlements;
				CODE_SIGN_STYLE = Automatic;
				CURRENT_PROJECT_VERSION = 2.0.1;
				DEVELOPMENT_TEAM = AU3J78BE58;
				INFOPLIST_FILE = Waqay/Info.plist;
				LD_RUNPATH_SEARCH_PATHS = (
					"$(inherited)",
					"@executable_path/Frameworks",
				);
				MARKETING_VERSION = 2.0;
				PRODUCT_BUNDLE_IDENTIFIER = com.proatomicdev.Waqay.debug;
				PRODUCT_NAME = "$(TARGET_NAME)";
				SWIFT_ACTIVE_COMPILATION_CONDITIONS = "DEBUG RADIOS_DATASTORE_FAKE";
				SWIFT_VERSION = 5.0;
				TARGETED_DEVICE_FAMILY = "1,2";
			};
			name = Debug;
		};
		278011CE245F7A3200E2A442 /* Release */ = {
			isa = XCBuildConfiguration;
			baseConfigurationReference = 275F6A3D2472278600ED6058 /* Production.xcconfig */;
			buildSettings = {
				ALWAYS_EMBED_SWIFT_STANDARD_LIBRARIES = "$(inherited)";
				ASSETCATALOG_COMPILER_APPICON_NAME = AppIcon;
				CODE_SIGN_ENTITLEMENTS = Waqay/Waqay.entitlements;
				CODE_SIGN_STYLE = Automatic;
				CURRENT_PROJECT_VERSION = 2.0.1;
				DEVELOPMENT_TEAM = AU3J78BE58;
				INFOPLIST_FILE = Waqay/Info.plist;
				LD_RUNPATH_SEARCH_PATHS = (
					"$(inherited)",
					"@executable_path/Frameworks",
				);
				MARKETING_VERSION = 2.0;
				PRODUCT_BUNDLE_IDENTIFIER = com.proatomicdev.Waqay;
				PRODUCT_NAME = "$(TARGET_NAME)";
				SWIFT_VERSION = 5.0;
				TARGETED_DEVICE_FAMILY = "1,2";
			};
			name = Release;
		};
		278011D0245F7A3200E2A442 /* Debug */ = {
			isa = XCBuildConfiguration;
			baseConfigurationReference = 13AF21C8188D6CBDA1E9EA6F /* Pods-WaqayTests.debug.xcconfig */;
			buildSettings = {
				ALWAYS_EMBED_SWIFT_STANDARD_LIBRARIES = YES;
				BUNDLE_LOADER = "$(TEST_HOST)";
				CODE_SIGN_STYLE = Automatic;
				DEVELOPMENT_TEAM = AU3J78BE58;
				INFOPLIST_FILE = WaqayTests/Info.plist;
				IPHONEOS_DEPLOYMENT_TARGET = 11.4;
				LD_RUNPATH_SEARCH_PATHS = (
					"$(inherited)",
					"@executable_path/Frameworks",
					"@loader_path/Frameworks",
				);
				PRODUCT_BUNDLE_IDENTIFIER = com.proatomicdev.WaqayTests;
				PRODUCT_NAME = "$(TARGET_NAME)";
				SWIFT_VERSION = 5.0;
				TARGETED_DEVICE_FAMILY = "1,2";
				TEST_HOST = "$(BUILT_PRODUCTS_DIR)/Waqay.app/Waqay";
			};
			name = Debug;
		};
		278011D1245F7A3200E2A442 /* Release */ = {
			isa = XCBuildConfiguration;
			baseConfigurationReference = 9C384F044CF1DD61E7551521 /* Pods-WaqayTests.release.xcconfig */;
			buildSettings = {
				ALWAYS_EMBED_SWIFT_STANDARD_LIBRARIES = YES;
				BUNDLE_LOADER = "$(TEST_HOST)";
				CODE_SIGN_STYLE = Automatic;
				DEVELOPMENT_TEAM = AU3J78BE58;
				INFOPLIST_FILE = WaqayTests/Info.plist;
				IPHONEOS_DEPLOYMENT_TARGET = 11.4;
				LD_RUNPATH_SEARCH_PATHS = (
					"$(inherited)",
					"@executable_path/Frameworks",
					"@loader_path/Frameworks",
				);
				PRODUCT_BUNDLE_IDENTIFIER = com.proatomicdev.WaqayTests;
				PRODUCT_NAME = "$(TARGET_NAME)";
				SWIFT_VERSION = 5.0;
				TARGETED_DEVICE_FAMILY = "1,2";
				TEST_HOST = "$(BUILT_PRODUCTS_DIR)/Waqay.app/Waqay";
			};
			name = Release;
		};
/* End XCBuildConfiguration section */

/* Begin XCConfigurationList section */
		275F6A33247219E200ED6058 /* Build configuration list for PBXNativeTarget "WaqayNotificationServiceExtension" */ = {
			isa = XCConfigurationList;
			buildConfigurations = (
				275F6A31247219E200ED6058 /* Debug */,
				275F6A32247219E200ED6058 /* Release */,
			);
			defaultConfigurationIsVisible = 0;
			defaultConfigurationName = Release;
		};
		278011A5245F7A3000E2A442 /* Build configuration list for PBXProject "Waqay" */ = {
			isa = XCConfigurationList;
			buildConfigurations = (
				278011CA245F7A3200E2A442 /* Debug */,
				278011CB245F7A3200E2A442 /* Release */,
			);
			defaultConfigurationIsVisible = 0;
			defaultConfigurationName = Release;
		};
		278011CC245F7A3200E2A442 /* Build configuration list for PBXNativeTarget "Waqay" */ = {
			isa = XCConfigurationList;
			buildConfigurations = (
				278011CD245F7A3200E2A442 /* Debug */,
				278011CE245F7A3200E2A442 /* Release */,
			);
			defaultConfigurationIsVisible = 0;
			defaultConfigurationName = Release;
		};
		278011CF245F7A3200E2A442 /* Build configuration list for PBXNativeTarget "WaqayTests" */ = {
			isa = XCConfigurationList;
			buildConfigurations = (
				278011D0245F7A3200E2A442 /* Debug */,
				278011D1245F7A3200E2A442 /* Release */,
			);
			defaultConfigurationIsVisible = 0;
			defaultConfigurationName = Release;
		};
/* End XCConfigurationList section */
	};
	rootObject = 278011A2245F7A3000E2A442 /* Project object */;
}
